
Microsoft Visual Studio Solution File, Format Version 12.00
# Visual Studio 2013
VisualStudioVersion = 12.0.31101.0
MinimumVisualStudioVersion = 10.0.40219.1
Project("{F2A71F9B-5D33-465A-A702-920D77279786}") = "sentence", "sentence.fsproj", "{A67A40D0-8FE9-4344-9472-E86E5C94EAD4}"
EndProject
Global
	GlobalSection(SolutionConfigurationPlatforms) = preSolution
		Debug|Any CPU = Debug|Any CPU
		Release|Any CPU = Release|Any CPU
	EndGlobalSection
	GlobalSection(ProjectConfigurationPlatforms) = postSolution
		{A67A40D0-8FE9-4344-9472-E86E5C94EAD4}.Debug|Any CPU.ActiveCfg = Debug|Any CPU
		{A67A40D0-8FE9-4344-9472-E86E5C94EAD4}.Debug|Any CPU.Build.0 = Debug|Any CPU
		{A67A40D0-8FE9-4344-9472-E86E5C94EAD4}.Release|Any CPU.ActiveCfg = Release|Any CPU
		{A67A40D0-8FE9-4344-9472-E86E5C94EAD4}.Release|Any CPU.Build.0 = Release|Any CPU
	EndGlobalSection
	GlobalSection(SolutionProperties) = preSolution
		HideSolutionNode = FALSE
	EndGlobalSection
EndGlobal
