
Microsoft Visual Studio Solution File, Format Version 12.00
# Visual Studio 2013
VisualStudioVersion = 12.0.21005.1
MinimumVisualStudioVersion = 10.0.40219.1
Project("{FAE04EC0-301F-11D3-BF4B-00C04F79EFBC}") = "8Puzzle", "Program2_part2_start\8Puzzle.csproj", "{CC94F252-7C32-440A-8066-9FF1D75E9C59}"
EndProject
Project("{F2A71F9B-5D33-465A-A702-920D77279786}") = "EightPuzzleSearch", "EightPuzzleSearch\EightPuzzleSearch.fsproj", "{0272F784-DBD4-4254-BB01-EF9C9DBB17A8}"
EndProject
Global
	GlobalSection(SolutionConfigurationPlatforms) = preSolution
		Debug|Any CPU = Debug|Any CPU
		Release|Any CPU = Release|Any CPU
	EndGlobalSection
	GlobalSection(ProjectConfigurationPlatforms) = postSolution
		{CC94F252-7C32-440A-8066-9FF1D75E9C59}.Debug|Any CPU.ActiveCfg = Debug|Any CPU
		{CC94F252-7C32-440A-8066-9FF1D75E9C59}.Debug|Any CPU.Build.0 = Debug|Any CPU
		{CC94F252-7C32-440A-8066-9FF1D75E9C59}.Release|Any CPU.ActiveCfg = Release|Any CPU
		{CC94F252-7C32-440A-8066-9FF1D75E9C59}.Release|Any CPU.Build.0 = Release|Any CPU
		{0272F784-DBD4-4254-BB01-EF9C9DBB17A8}.Debug|Any CPU.ActiveCfg = Debug|Any CPU
		{0272F784-DBD4-4254-BB01-EF9C9DBB17A8}.Debug|Any CPU.Build.0 = Debug|Any CPU
		{0272F784-DBD4-4254-BB01-EF9C9DBB17A8}.Release|Any CPU.ActiveCfg = Release|Any CPU
		{0272F784-DBD4-4254-BB01-EF9C9DBB17A8}.Release|Any CPU.Build.0 = Release|Any CPU
	EndGlobalSection
	GlobalSection(SolutionProperties) = preSolution
		HideSolutionNode = FALSE
	EndGlobalSection
EndGlobal
